
Microsoft Visual Studio Solution File, Format Version 12.00
# Visual Studio 2013
VisualStudioVersion = 12.0.30501.0
MinimumVisualStudioVersion = 10.0.40219.1
Project("{FAE04EC0-301F-11D3-BF4B-00C04F79EFBC}") = "CodeFlip", "CodeFlip\CodeFlip.csproj", "{0878BCE7-EB78-4ECF-8DA8-C59ACCBDB6EB}"
EndProject
Project("{FAE04EC0-301F-11D3-BF4B-00C04F79EFBC}") = "CodeFlip_IntegrationTests", "CodeFlip\CodeFlip_IntegrationTests\CodeFlip_IntegrationTests.csproj", "{43ECE3B2-ECF5-46E0-8890-F117BD72F471}"
EndProject
Project("{2150E333-8FDC-42A3-9474-1A3956D46DE8}") = "Solution Items", "Solution Items", "{FE31EA47-FD2B-4103-B0D2-83E05F6681F2}"
	ProjectSection(SolutionItems) = preProject
		IntegrationTests.testsettings = IntegrationTests.testsettings
		UnitTests.testsettings = UnitTests.testsettings
	EndProjectSection
EndProject
Project("{FAE04EC0-301F-11D3-BF4B-00C04F79EFBC}") = "CodeFlip_UnitTests", "CodeFlip\CodeFlip_UnitTests\CodeFlip_UnitTests.csproj", "{D5602C15-17B3-400F-B232-5CFCC1F4D393}"
EndProject
Global
	GlobalSection(SolutionConfigurationPlatforms) = preSolution
		Debug|Any CPU = Debug|Any CPU
		Release|Any CPU = Release|Any CPU
	EndGlobalSection
	GlobalSection(ProjectConfigurationPlatforms) = postSolution
		{0878BCE7-EB78-4ECF-8DA8-C59ACCBDB6EB}.Debug|Any CPU.ActiveCfg = Debug|Any CPU
		{0878BCE7-EB78-4ECF-8DA8-C59ACCBDB6EB}.Debug|Any CPU.Build.0 = Debug|Any CPU
		{0878BCE7-EB78-4ECF-8DA8-C59ACCBDB6EB}.Release|Any CPU.ActiveCfg = Release|Any CPU
		{0878BCE7-EB78-4ECF-8DA8-C59ACCBDB6EB}.Release|Any CPU.Build.0 = Release|Any CPU
		{43ECE3B2-ECF5-46E0-8890-F117BD72F471}.Debug|Any CPU.ActiveCfg = Debug|Any CPU
		{43ECE3B2-ECF5-46E0-8890-F117BD72F471}.Debug|Any CPU.Build.0 = Debug|Any CPU
		{43ECE3B2-ECF5-46E0-8890-F117BD72F471}.Release|Any CPU.ActiveCfg = Release|Any CPU
		{43ECE3B2-ECF5-46E0-8890-F117BD72F471}.Release|Any CPU.Build.0 = Release|Any CPU
		{D5602C15-17B3-400F-B232-5CFCC1F4D393}.Debug|Any CPU.ActiveCfg = Debug|Any CPU
		{D5602C15-17B3-400F-B232-5CFCC1F4D393}.Debug|Any CPU.Build.0 = Debug|Any CPU
		{D5602C15-17B3-400F-B232-5CFCC1F4D393}.Release|Any CPU.ActiveCfg = Release|Any CPU
		{D5602C15-17B3-400F-B232-5CFCC1F4D393}.Release|Any CPU.Build.0 = Release|Any CPU
	EndGlobalSection
	GlobalSection(SolutionProperties) = preSolution
		HideSolutionNode = FALSE
	EndGlobalSection
EndGlobal
